
Microsoft Visual Studio Solution File, Format Version 12.00
# Visual Studio Version 17
VisualStudioVersion = 17.0.32014.148
MinimumVisualStudioVersion = 10.0.40219.1
Project("{8BC9CEB8-8B4A-11D0-8D11-00A0C91BC942}") = "AdventOfCode2022", "AdventOfCode2022\AdventOfCode2022.vcxproj", "{7E59BEB4-47C4-44A2-BC47-510DD59533EE}"
EndProject
Project("{8BC9CEB8-8B4A-11D0-8D11-00A0C91BC942}") = "Tests", "Tests\Tests.vcxproj", "{8DB90CF7-4DD8-4B9A-B81B-462322250C45}"
EndProject
Global
	GlobalSection(SolutionConfigurationPlatforms) = preSolution
		Debug|x64 = Debug|x64
		Debug|x86 = Debug|x86
		Release|x64 = Release|x64
		Release|x86 = Release|x86
	EndGlobalSection
	GlobalSection(ProjectConfigurationPlatforms) = postSolution
		{7E59BEB4-47C4-44A2-BC47-510DD59533EE}.Debug|x64.ActiveCfg = Debug|x64
		{7E59BEB4-47C4-44A2-BC47-510DD59533EE}.Debug|x64.Build.0 = Debug|x64
		{7E59BEB4-47C4-44A2-BC47-510DD59533EE}.Debug|x86.ActiveCfg = Debug|Win32
		{7E59BEB4-47C4-44A2-BC47-510DD59533EE}.Debug|x86.Build.0 = Debug|Win32
		{7E59BEB4-47C4-44A2-BC47-510DD59533EE}.Release|x64.ActiveCfg = Release|x64
		{7E59BEB4-47C4-44A2-BC47-510DD59533EE}.Release|x64.Build.0 = Release|x64
		{7E59BEB4-47C4-44A2-BC47-510DD59533EE}.Release|x86.ActiveCfg = Release|Win32
		{7E59BEB4-47C4-44A2-BC47-510DD59533EE}.Release|x86.Build.0 = Release|Win32
		{8DB90CF7-4DD8-4B9A-B81B-462322250C45}.Debug|x64.ActiveCfg = Debug|x64
		{8DB90CF7-4DD8-4B9A-B81B-462322250C45}.Debug|x64.Build.0 = Debug|x64
		{8DB90CF7-4DD8-4B9A-B81B-462322250C45}.Debug|x86.ActiveCfg = Debug|Win32
		{8DB90CF7-4DD8-4B9A-B81B-462322250C45}.Debug|x86.Build.0 = Debug|Win32
		{8DB90CF7-4DD8-4B9A-B81B-462322250C45}.Release|x64.ActiveCfg = Release|x64
		{8DB90CF7-4DD8-4B9A-B81B-462322250C45}.Release|x64.Build.0 = Release|x64
		{8DB90CF7-4DD8-4B9A-B81B-462322250C45}.Release|x86.ActiveCfg = Release|Win32
		{8DB90CF7-4DD8-4B9A-B81B-462322250C45}.Release|x86.Build.0 = Release|Win32
	EndGlobalSection
	GlobalSection(SolutionProperties) = preSolution
		HideSolutionNode = FALSE
	EndGlobalSection
	GlobalSection(ExtensibilityGlobals) = postSolution
		SolutionGuid = {6A6142D4-E2BA-418C-B2B0-E8429C3118A9}
	EndGlobalSection
EndGlobal
